
Microsoft Visual Studio Solution File, Format Version 12.00
# Visual Studio Version 17
VisualStudioVersion = 17.9.34723.18
MinimumVisualStudioVersion = 10.0.40219.1
Project("{FAE04EC0-301F-11D3-BF4B-00C04F79EFBC}") = "soap_api_calc", "soap_api_calc.csproj", "{A391220E-1CB1-479F-9A69-D96B0086EA17}"
EndProject
Global
	GlobalSection(SolutionConfigurationPlatforms) = preSolution
		Debug|Any CPU = Debug|Any CPU
		Release|Any CPU = Release|Any CPU
	EndGlobalSection
	GlobalSection(ProjectConfigurationPlatforms) = postSolution
		{A391220E-1CB1-479F-9A69-D96B0086EA17}.Debug|Any CPU.ActiveCfg = Debug|Any CPU
		{A391220E-1CB1-479F-9A69-D96B0086EA17}.Debug|Any CPU.Build.0 = Debug|Any CPU
		{A391220E-1CB1-479F-9A69-D96B0086EA17}.Release|Any CPU.ActiveCfg = Release|Any CPU
		{A391220E-1CB1-479F-9A69-D96B0086EA17}.Release|Any CPU.Build.0 = Release|Any CPU
	EndGlobalSection
	GlobalSection(SolutionProperties) = preSolution
		HideSolutionNode = FALSE
	EndGlobalSection
	GlobalSection(ExtensibilityGlobals) = postSolution
		SolutionGuid = {A46B35F5-39DD-4FCC-8CAE-120F37855BEF}
	EndGlobalSection
EndGlobal
